
Microsoft Visual Studio Solution File, Format Version 12.00
# Visual Studio Version 17
VisualStudioVersion = 17.3.32922.545
MinimumVisualStudioVersion = 10.0.40219.1
Project("{9A19103F-16F7-4668-BE54-9A1E7A4F7556}") = "UploadEmpresa", "UploadEmpresa\UploadEmpresa.csproj", "{6F93747C-3A0E-402E-999D-02859148C4A5}"
EndProject
Project("{FAE04EC0-301F-11D3-BF4B-00C04F79EFBC}") = "DAL_", "DAL_\DAL_.csproj", "{4CDBE5CC-FA84-49FD-A6C5-45EADC66427D}"
EndProject
Global
	GlobalSection(SolutionConfigurationPlatforms) = preSolution
		Debug|Any CPU = Debug|Any CPU
		Release|Any CPU = Release|Any CPU
	EndGlobalSection
	GlobalSection(ProjectConfigurationPlatforms) = postSolution
		{6F93747C-3A0E-402E-999D-02859148C4A5}.Debug|Any CPU.ActiveCfg = Debug|Any CPU
		{6F93747C-3A0E-402E-999D-02859148C4A5}.Debug|Any CPU.Build.0 = Debug|Any CPU
		{6F93747C-3A0E-402E-999D-02859148C4A5}.Release|Any CPU.ActiveCfg = Release|Any CPU
		{6F93747C-3A0E-402E-999D-02859148C4A5}.Release|Any CPU.Build.0 = Release|Any CPU
		{4CDBE5CC-FA84-49FD-A6C5-45EADC66427D}.Debug|Any CPU.ActiveCfg = Debug|Any CPU
		{4CDBE5CC-FA84-49FD-A6C5-45EADC66427D}.Debug|Any CPU.Build.0 = Debug|Any CPU
		{4CDBE5CC-FA84-49FD-A6C5-45EADC66427D}.Release|Any CPU.ActiveCfg = Release|Any CPU
		{4CDBE5CC-FA84-49FD-A6C5-45EADC66427D}.Release|Any CPU.Build.0 = Release|Any CPU
	EndGlobalSection
	GlobalSection(SolutionProperties) = preSolution
		HideSolutionNode = FALSE
	EndGlobalSection
	GlobalSection(ExtensibilityGlobals) = postSolution
		SolutionGuid = {3FF4382A-4B47-45FB-A348-99B51C52605E}
	EndGlobalSection
EndGlobal
